
Microsoft Visual Studio Solution File, Format Version 12.00
# Visual Studio 15
VisualStudioVersion = 15.0.28307.168
MinimumVisualStudioVersion = 10.0.40219.1
Project("{FAE04EC0-301F-11D3-BF4B-00C04F79EFBC}") = "AvaApp1", "AvaApp1\AvaApp1.csproj", "{1EE2087E-AB93-47AA-BD90-BC372F601116}"
EndProject
Global
	GlobalSection(SolutionConfigurationPlatforms) = preSolution
		Debug|Any CPU = Debug|Any CPU
		Release|Any CPU = Release|Any CPU
	EndGlobalSection
	GlobalSection(ProjectConfigurationPlatforms) = postSolution
		{1EE2087E-AB93-47AA-BD90-BC372F601116}.Debug|Any CPU.ActiveCfg = Debug|Any CPU
		{1EE2087E-AB93-47AA-BD90-BC372F601116}.Debug|Any CPU.Build.0 = Debug|Any CPU
		{1EE2087E-AB93-47AA-BD90-BC372F601116}.Release|Any CPU.ActiveCfg = Release|Any CPU
		{1EE2087E-AB93-47AA-BD90-BC372F601116}.Release|Any CPU.Build.0 = Release|Any CPU
	EndGlobalSection
	GlobalSection(SolutionProperties) = preSolution
		HideSolutionNode = FALSE
	EndGlobalSection
	GlobalSection(ExtensibilityGlobals) = postSolution
		SolutionGuid = {52C3036A-7772-4CBC-AFC9-F6F2EBF0FF86}
	EndGlobalSection
EndGlobal
